
Microsoft Visual Studio Solution File, Format Version 12.00
# Visual Studio 15
VisualStudioVersion = 15.0.26621.2
MinimumVisualStudioVersion = 10.0.40219.1
Project("{9A19103F-16F7-4668-BE54-9A1E7A4F7556}") = "TestFunctions", "TestFunctions.csproj", "{1321FB1D-F19A-4D98-92EA-562F6AFAADEF}"
EndProject
Global
	GlobalSection(SolutionConfigurationPlatforms) = preSolution
		Debug|Any CPU = Debug|Any CPU
		Release|Any CPU = Release|Any CPU
	EndGlobalSection
	GlobalSection(ProjectConfigurationPlatforms) = postSolution
		{1321FB1D-F19A-4D98-92EA-562F6AFAADEF}.Debug|Any CPU.ActiveCfg = Debug|Any CPU
		{1321FB1D-F19A-4D98-92EA-562F6AFAADEF}.Debug|Any CPU.Build.0 = Debug|Any CPU
		{1321FB1D-F19A-4D98-92EA-562F6AFAADEF}.Release|Any CPU.ActiveCfg = Release|Any CPU
		{1321FB1D-F19A-4D98-92EA-562F6AFAADEF}.Release|Any CPU.Build.0 = Release|Any CPU
	EndGlobalSection
	GlobalSection(SolutionProperties) = preSolution
		HideSolutionNode = FALSE
	EndGlobalSection
	GlobalSection(ExtensibilityGlobals) = postSolution
		SolutionGuid = {E55AF73D-C74D-44E2-8CFD-09B0C580A710}
	EndGlobalSection
EndGlobal
